
Microsoft Visual Studio Solution File, Format Version 12.00
# Visual Studio 2013
VisualStudioVersion = 12.0.31101.0
MinimumVisualStudioVersion = 10.0.40219.1
Project("{FAE04EC0-301F-11D3-BF4B-00C04F79EFBC}") = "DataToolBox", "DataToolBox\DataToolBox.csproj", "{488A20C6-ABF9-42EE-BA89-DFD9CB9A90D5}"
EndProject
Project("{FAE04EC0-301F-11D3-BF4B-00C04F79EFBC}") = "SharpUpdate", "SharpUpdate\SharpUpdate.csproj", "{19AC6244-5E5F-4011-9134-E0CE9EA2C87C}"
EndProject
Global
	GlobalSection(SolutionConfigurationPlatforms) = preSolution
		Debug|Any CPU = Debug|Any CPU
		Release|Any CPU = Release|Any CPU
	EndGlobalSection
	GlobalSection(ProjectConfigurationPlatforms) = postSolution
		{488A20C6-ABF9-42EE-BA89-DFD9CB9A90D5}.Debug|Any CPU.ActiveCfg = Debug|Any CPU
		{488A20C6-ABF9-42EE-BA89-DFD9CB9A90D5}.Debug|Any CPU.Build.0 = Debug|Any CPU
		{488A20C6-ABF9-42EE-BA89-DFD9CB9A90D5}.Release|Any CPU.ActiveCfg = Release|Any CPU
		{488A20C6-ABF9-42EE-BA89-DFD9CB9A90D5}.Release|Any CPU.Build.0 = Release|Any CPU
		{19AC6244-5E5F-4011-9134-E0CE9EA2C87C}.Debug|Any CPU.ActiveCfg = Debug|Any CPU
		{19AC6244-5E5F-4011-9134-E0CE9EA2C87C}.Debug|Any CPU.Build.0 = Debug|Any CPU
		{19AC6244-5E5F-4011-9134-E0CE9EA2C87C}.Release|Any CPU.ActiveCfg = Release|Any CPU
		{19AC6244-5E5F-4011-9134-E0CE9EA2C87C}.Release|Any CPU.Build.0 = Release|Any CPU
	EndGlobalSection
	GlobalSection(SolutionProperties) = preSolution
		HideSolutionNode = FALSE
	EndGlobalSection
EndGlobal
